
Microsoft Visual Studio Solution File, Format Version 12.00
# Visual Studio Version 17
VisualStudioVersion = 17.4.33213.308
MinimumVisualStudioVersion = 10.0.40219.1
Project("{FAE04EC0-301F-11D3-BF4B-00C04F79EFBC}") = "Triangulo", "Triangulo.csproj", "{5A1758C7-BE7D-4520-89E5-129933640FDD}"
EndProject
Global
	GlobalSection(SolutionConfigurationPlatforms) = preSolution
		Debug|Any CPU = Debug|Any CPU
		Release|Any CPU = Release|Any CPU
	EndGlobalSection
	GlobalSection(ProjectConfigurationPlatforms) = postSolution
		{5A1758C7-BE7D-4520-89E5-129933640FDD}.Debug|Any CPU.ActiveCfg = Debug|Any CPU
		{5A1758C7-BE7D-4520-89E5-129933640FDD}.Debug|Any CPU.Build.0 = Debug|Any CPU
		{5A1758C7-BE7D-4520-89E5-129933640FDD}.Release|Any CPU.ActiveCfg = Release|Any CPU
		{5A1758C7-BE7D-4520-89E5-129933640FDD}.Release|Any CPU.Build.0 = Release|Any CPU
	EndGlobalSection
	GlobalSection(SolutionProperties) = preSolution
		HideSolutionNode = FALSE
	EndGlobalSection
	GlobalSection(ExtensibilityGlobals) = postSolution
		SolutionGuid = {CD8239D6-91C6-40C9-B15C-30D5D03F4230}
	EndGlobalSection
EndGlobal
